
Microsoft Visual Studio Solution File, Format Version 12.00
# Visual Studio Version 17
VisualStudioVersion = 17.2.32630.192
MinimumVisualStudioVersion = 10.0.40219.1
Project("{FAE04EC0-301F-11D3-BF4B-00C04F79EFBC}") = "myvidagame", "myvidagame\myvidagame.csproj", "{F8DA7113-4717-4726-BD4D-1B95A6BAA1B1}"
EndProject
Global
	GlobalSection(SolutionConfigurationPlatforms) = preSolution
		Debug|Any CPU = Debug|Any CPU
		Release|Any CPU = Release|Any CPU
	EndGlobalSection
	GlobalSection(ProjectConfigurationPlatforms) = postSolution
		{F8DA7113-4717-4726-BD4D-1B95A6BAA1B1}.Debug|Any CPU.ActiveCfg = Debug|Any CPU
		{F8DA7113-4717-4726-BD4D-1B95A6BAA1B1}.Debug|Any CPU.Build.0 = Debug|Any CPU
		{F8DA7113-4717-4726-BD4D-1B95A6BAA1B1}.Release|Any CPU.ActiveCfg = Release|Any CPU
		{F8DA7113-4717-4726-BD4D-1B95A6BAA1B1}.Release|Any CPU.Build.0 = Release|Any CPU
	EndGlobalSection
	GlobalSection(SolutionProperties) = preSolution
		HideSolutionNode = FALSE
	EndGlobalSection
	GlobalSection(ExtensibilityGlobals) = postSolution
		SolutionGuid = {BC0D6266-E4DB-421F-92ED-FA1E8D4AF18D}
	EndGlobalSection
EndGlobal
